
Microsoft Visual Studio Solution File, Format Version 12.00
# Visual Studio Version 17
VisualStudioVersion = 17.5.002.0
MinimumVisualStudioVersion = 10.0.40219.1
Project("{9A19103F-16F7-4668-BE54-9A1E7A4F7556}") = "Tarea_10", "Tarea_10.csproj", "{A5F5448E-73B4-4EFC-A811-0A748A5819B3}"
EndProject
Global
	GlobalSection(SolutionConfigurationPlatforms) = preSolution
		Debug|Any CPU = Debug|Any CPU
		Release|Any CPU = Release|Any CPU
	EndGlobalSection
	GlobalSection(ProjectConfigurationPlatforms) = postSolution
		{A5F5448E-73B4-4EFC-A811-0A748A5819B3}.Debug|Any CPU.ActiveCfg = Debug|Any CPU
		{A5F5448E-73B4-4EFC-A811-0A748A5819B3}.Debug|Any CPU.Build.0 = Debug|Any CPU
		{A5F5448E-73B4-4EFC-A811-0A748A5819B3}.Release|Any CPU.ActiveCfg = Release|Any CPU
		{A5F5448E-73B4-4EFC-A811-0A748A5819B3}.Release|Any CPU.Build.0 = Release|Any CPU
	EndGlobalSection
	GlobalSection(SolutionProperties) = preSolution
		HideSolutionNode = FALSE
	EndGlobalSection
	GlobalSection(ExtensibilityGlobals) = postSolution
		SolutionGuid = {B016FA65-1313-40DE-B4F3-63E392DFA842}
	EndGlobalSection
EndGlobal
